Microsoft Visual Studio Solution File, Format Version 11.00
# Visual Studio 2008

Project("{6C98A0CA-482B-48E3-E5EE-E389F0BB4283}") = "2D Tutorial", "Assembly-CSharp.csproj", "{6054BE76-5E5E-B2F8-235A-4C2060AD5ADE}"
EndProject
Project("{6C98A0CA-482B-48E3-E5EE-E389F0BB4283}") = "2D Tutorial", "Assembly-CSharp-Editor.csproj", "{909A040D-0A28-F1B2-409F-9DBA78EFFD6C}"
EndProject
Global
	GlobalSection(SolutionConfigurationPlatforms) = preSolution
		Debug|Any CPU = Debug|Any CPU
		Release|Any CPU = Release|Any CPU
	EndGlobalSection
	GlobalSection(ProjectConfigurationPlatforms) = postSolution
		{6054BE76-5E5E-B2F8-235A-4C2060AD5ADE}.Debug|Any CPU.ActiveCfg = Debug|Any CPU
		{6054BE76-5E5E-B2F8-235A-4C2060AD5ADE}.Debug|Any CPU.Build.0 = Debug|Any CPU
		{6054BE76-5E5E-B2F8-235A-4C2060AD5ADE}.Release|Any CPU.ActiveCfg = Release|Any CPU
		{6054BE76-5E5E-B2F8-235A-4C2060AD5ADE}.Release|Any CPU.Build.0 = Release|Any CPU
		{909A040D-0A28-F1B2-409F-9DBA78EFFD6C}.Debug|Any CPU.ActiveCfg = Debug|Any CPU
		{909A040D-0A28-F1B2-409F-9DBA78EFFD6C}.Debug|Any CPU.Build.0 = Debug|Any CPU
		{909A040D-0A28-F1B2-409F-9DBA78EFFD6C}.Release|Any CPU.ActiveCfg = Release|Any CPU
		{909A040D-0A28-F1B2-409F-9DBA78EFFD6C}.Release|Any CPU.Build.0 = Release|Any CPU
	EndGlobalSection
	GlobalSection(SolutionProperties) = preSolution
		HideSolutionNode = FALSE
	EndGlobalSection
	GlobalSection(MonoDevelopProperties) = preSolution
		StartupItem = Assembly-CSharp.csproj
	EndGlobalSection
EndGlobal
